
Microsoft Visual Studio Solution File, Format Version 12.00
# Visual Studio Version 17
VisualStudioVersion = 17.13.35818.85 d17.13
MinimumVisualStudioVersion = 10.0.40219.1
Project("{FAE04EC0-301F-11D3-BF4B-00C04F79EFBC}") = "AntiRecoil2", "AntiRecoil2\AntiRecoil2.csproj", "{B6064473-E086-4A62-906A-50644328774D}"
EndProject
Global
	GlobalSection(SolutionConfigurationPlatforms) = preSolution
		Debug|Any CPU = Debug|Any CPU
		Release|Any CPU = Release|Any CPU
	EndGlobalSection
	GlobalSection(ProjectConfigurationPlatforms) = postSolution
		{B6064473-E086-4A62-906A-50644328774D}.Debug|Any CPU.ActiveCfg = Debug|Any CPU
		{B6064473-E086-4A62-906A-50644328774D}.Debug|Any CPU.Build.0 = Debug|Any CPU
		{B6064473-E086-4A62-906A-50644328774D}.Release|Any CPU.ActiveCfg = Release|Any CPU
		{B6064473-E086-4A62-906A-50644328774D}.Release|Any CPU.Build.0 = Release|Any CPU
	EndGlobalSection
	GlobalSection(SolutionProperties) = preSolution
		HideSolutionNode = FALSE
	EndGlobalSection
	GlobalSection(ExtensibilityGlobals) = postSolution
		SolutionGuid = {26102774-E74C-4A42-9A21-7A99B0A5B80E}
	EndGlobalSection
EndGlobal
